
Microsoft Visual Studio Solution File, Format Version 12.00
Project("{FAE04EC0-301F-11D3-BF4B-00C04F79EFBC}") = "Domain", "Domain\Domain.csproj", "{43456E71-DA13-478F-9253-A0CB24A76F6D}"
EndProject
Project("{FAE04EC0-301F-11D3-BF4B-00C04F79EFBC}") = "DataAccess", "DataAccess\DataAccess.csproj", "{FC533619-ABFB-4E0A-9535-ABB97D4131B0}"
EndProject
Project("{FAE04EC0-301F-11D3-BF4B-00C04F79EFBC}") = "RestApi", "RestApi\RestApi.csproj", "{264A09B1-FF8B-4AC1-81C4-629027BA315F}"
EndProject
Project("{FAE04EC0-301F-11D3-BF4B-00C04F79EFBC}") = "App", "App\App.csproj", "{372C3578-75BA-4E15-BEAC-7F91DA0C8068}"
EndProject
Global
	GlobalSection(SolutionConfigurationPlatforms) = preSolution
		Debug|Any CPU = Debug|Any CPU
		Release|Any CPU = Release|Any CPU
	EndGlobalSection
	GlobalSection(ProjectConfigurationPlatforms) = postSolution
		{43456E71-DA13-478F-9253-A0CB24A76F6D}.Debug|Any CPU.ActiveCfg = Debug|Any CPU
		{43456E71-DA13-478F-9253-A0CB24A76F6D}.Debug|Any CPU.Build.0 = Debug|Any CPU
		{43456E71-DA13-478F-9253-A0CB24A76F6D}.Release|Any CPU.ActiveCfg = Release|Any CPU
		{43456E71-DA13-478F-9253-A0CB24A76F6D}.Release|Any CPU.Build.0 = Release|Any CPU
		{FC533619-ABFB-4E0A-9535-ABB97D4131B0}.Debug|Any CPU.ActiveCfg = Debug|Any CPU
		{FC533619-ABFB-4E0A-9535-ABB97D4131B0}.Debug|Any CPU.Build.0 = Debug|Any CPU
		{FC533619-ABFB-4E0A-9535-ABB97D4131B0}.Release|Any CPU.ActiveCfg = Release|Any CPU
		{FC533619-ABFB-4E0A-9535-ABB97D4131B0}.Release|Any CPU.Build.0 = Release|Any CPU
		{264A09B1-FF8B-4AC1-81C4-629027BA315F}.Debug|Any CPU.ActiveCfg = Debug|Any CPU
		{264A09B1-FF8B-4AC1-81C4-629027BA315F}.Debug|Any CPU.Build.0 = Debug|Any CPU
		{264A09B1-FF8B-4AC1-81C4-629027BA315F}.Release|Any CPU.ActiveCfg = Release|Any CPU
		{264A09B1-FF8B-4AC1-81C4-629027BA315F}.Release|Any CPU.Build.0 = Release|Any CPU
		{372C3578-75BA-4E15-BEAC-7F91DA0C8068}.Debug|Any CPU.ActiveCfg = Debug|Any CPU
		{372C3578-75BA-4E15-BEAC-7F91DA0C8068}.Debug|Any CPU.Build.0 = Debug|Any CPU
		{372C3578-75BA-4E15-BEAC-7F91DA0C8068}.Release|Any CPU.ActiveCfg = Release|Any CPU
		{372C3578-75BA-4E15-BEAC-7F91DA0C8068}.Release|Any CPU.Build.0 = Release|Any CPU
	EndGlobalSection
EndGlobal
